
Microsoft Visual Studio Solution File, Format Version 12.00
# Visual Studio 15
VisualStudioVersion = 15.0.27703.2000
MinimumVisualStudioVersion = 10.0.40219.1
Project("{FAE04EC0-301F-11D3-BF4B-00C04F79EFBC}") = "GoogleCalendarImplementation", "GoogleCalendarImplementation\GoogleCalendarImplementation.csproj", "{73C39ADF-AE4C-461B-BC8A-DC23C6C37857}"
EndProject
Global
	GlobalSection(SolutionConfigurationPlatforms) = preSolution
		Debug|Any CPU = Debug|Any CPU
		Release|Any CPU = Release|Any CPU
	EndGlobalSection
	GlobalSection(ProjectConfigurationPlatforms) = postSolution
		{73C39ADF-AE4C-461B-BC8A-DC23C6C37857}.Debug|Any CPU.ActiveCfg = Debug|Any CPU
		{73C39ADF-AE4C-461B-BC8A-DC23C6C37857}.Debug|Any CPU.Build.0 = Debug|Any CPU
		{73C39ADF-AE4C-461B-BC8A-DC23C6C37857}.Release|Any CPU.ActiveCfg = Release|Any CPU
		{73C39ADF-AE4C-461B-BC8A-DC23C6C37857}.Release|Any CPU.Build.0 = Release|Any CPU
	EndGlobalSection
	GlobalSection(SolutionProperties) = preSolution
		HideSolutionNode = FALSE
	EndGlobalSection
	GlobalSection(ExtensibilityGlobals) = postSolution
		SolutionGuid = {01926B59-DA2A-479F-8874-F9044F38A0F8}
	EndGlobalSection
EndGlobal
